Microsoft Visual Studio Solution File, Format Version 12.00
# Visual Studio Version 17
VisualStudioVersion = 17.5.320.0
MinimumVisualStudioVersion = 10.0.40219.1
Project("{2150E333-8FDC-42A3-9474-1A3956D46DE8}") = "ticket-manager-project", "ticket-manager-project", "{04B2AB59-353D-5388-7FCE-24B8C9B02525}"
EndProject
Project("{FAE04EC0-301F-11D3-BF4B-00C04F79EFBC}") = "ticket-manager", "h:\GitHub\ticket-manager-project\ticket-manager\ticket-manager.csproj", "{1B0FBC93-35A8-777C-F444-B42B717B79E2}"
EndProject
Global
	GlobalSection(SolutionConfigurationPlatforms) = preSolution
		Debug|Any CPU = Debug|Any CPU
		Release|Any CPU = Release|Any CPU
	EndGlobalSection
	GlobalSection(ProjectConfigurationPlatforms) = postSolution
		{1B0FBC93-35A8-777C-F444-B42B717B79E2}.Debug|Any CPU.ActiveCfg = Debug|Any CPU
		{1B0FBC93-35A8-777C-F444-B42B717B79E2}.Debug|Any CPU.Build.0 = Debug|Any CPU
		{1B0FBC93-35A8-777C-F444-B42B717B79E2}.Release|Any CPU.ActiveCfg = Release|Any CPU
		{1B0FBC93-35A8-777C-F444-B42B717B79E2}.Release|Any CPU.Build.0 = Release|Any CPU
	EndGlobalSection
	GlobalSection(SolutionProperties) = preSolution
		HideSolutionNode = FALSE
	EndGlobalSection
	GlobalSection(NestedProjects) = preSolution
		{1B0FBC93-35A8-777C-F444-B42B717B79E2} = {04B2AB59-353D-5388-7FCE-24B8C9B02525}
	EndGlobalSection
	GlobalSection(ExtensibilityGlobals) = postSolution
		SolutionGuid = {8D38DD4B-AF29-49EC-A593-ED1D5CFCBEB3}
	EndGlobalSection
EndGlobal
